<?xml version="1.0" encoding="UTF-8" standalone="yes" ?>
<CodeBlocks_project_file>
	<FileVersion major="1" minor="6" />
	<Project>
		<Option title="emptyExample" />
		<Option pch_mode="2" />
		<Option compiler="gcc" />
		<Build>
			<Target title="Debug">
				<Option output="bin/emptyExample_debug" prefix_auto="1" extension_auto="1" />
				<Option working_dir="bin" />
				<Option object_output="obj/Debug/" />
				<Option type="1" />
				<Option compiler="gcc" />
				<Compiler>
					<Add option="-g" />
					<Add option="-MMD" />
				</Compiler>
			</Target>
			<Target title="Release">
				<Option output="bin/emptyExample" prefix_auto="1" extension_auto="1" />
				<Option working_dir="bin" />
				<Option object_output="obj/Release/" />
				<Option type="1" />
				<Option compiler="gcc" />
				<Compiler>
					<Add option="-O3" />
					<Add option="-MMD" />
				</Compiler>
				<Linker>
					<Add option="-s" />
				</Linker>
			</Target>
			<Environment>
				<Variable name="target" value="emptyExample" />
				<Variable name="nautilusOnBuild" value="false" />
				<Variable name="runOnBuild" value="false" />
			</Environment>
		</Build>
		<Compiler>
			<Add option="-Wall" />
			<Add option="-fexceptions" />
			<Add directory="../../../addons/" />
			<Add directory="../../../libs/openFrameworks/" />
			<Add directory="../../../libs/openFrameworks/events" />
			<Add directory="../../../libs/openFrameworks/app" />
			<Add directory="../../../libs/openFrameworks/communication" />
			<Add directory="../../../libs/openFrameworks/graphics" />
			<Add directory="../../../libs/openFrameworks/video" />
			<Add directory="../../../libs/openFrameworks/utils" />
			<Add directory="../../../libs/openFrameworks/sound" />
			<Add directory="../../../libs/rtAudio" />
			<Add directory="../../../libs/fmodex/inc" />
			<Add directory="../../../libs/glee/include" />
			<Add directory="../../../libs/glee/" />
			<Add directory="../../../libs/freeimage/Source" />
			<Add directory="../../../libs/FreeImage" />
			<Add directory="../../../libs/alsa/include" />
			<Add directory="../../../libs/alsa/include/alsa" />
			<Add directory="../../../libs/freetype/include" />
			<Add directory="../../../libs/freetype/include/freetype2" />
			<Add directory="../../../libs/unicap/include" />
			<Add directory="../../../libs/gstappsink/include" />
			<Add directory="../../../addons" />
			<Add directory="../../../libs/poco/include" />
			<Add directory="/usr/include" />
			<Add directory="../../../addons/ofxThread/src" />
		</Compiler>
		<Linker>
			<Add option="-lsane" />
			<Add library="fmodex" />
			<Add library="raw1394" />
			<Add library="glut" />
			<Add library="GL" />
			<Add library="GLU" />
			<Add library="Xxf86vm" />
			<Add library="asound" />
			<Add library="PocoFoundation" />
			<Add library="../../../libs/freetype/lib/libfreetype.a" />
			<Add library="../../../libs/FreeImage/libfreeimage.a" />
			<Add library="../../../libs/rtAudio/libRtAudio.a" />
			<Add library="../../../libs/glee/libGLee.a" />
			<Add library="unicap" />
			<Add library="../../../libs/gstappsink/lib/liboFappsink.a" />
			<Add directory="../../../libs/fmodex/lib" />
			<Add directory="../../../libs/unicap/lib" />
			<Add directory="../../../libs/poco/lib" />
		</Linker>
		<ExtraCommands>
			<Add after="#" />
			<Add after="#      copy libs and shell script to bin directory:" />
			<Add after="#" />
			<Add after="cp -r ../../../export/libs $(PROJECT_DIR)bin/" />
			<Add after="cp ../../../export/clickToLaunchApp.sh $(PROJECT_DIR)bin/clickToLaunchApp_$(TARGET_NAME).sh" />
			<Add after="sed -i s/applicationName/$(TARGET_OUTPUT_BASENAME)/g  $(PROJECT_DIR)bin/clickToLaunchApp_$(TARGET_NAME).sh" />
			<Add after="#" />
			<Add after="#    this is a shell script that can either (a) run the app or (b) launch nautilus to a good directory for you to run the app" />
			<Add after="#" />
			<Add after="./cb_build_runner.sh $(TARGET_OUTPUT_BASENAME) $runOnBuild $nautilusOnBuild" />
			<Add after="#" />
			<Add after="#     to enable either, change the custom variables in project-&gt;build options-&gt;custom variables" />
			<Add after="#     to true / false." />
			<Add after="#" />
			<Add after="#     currently this is disabled, but allows you to run the app from w/in CB." />
			<Add after="#" />
			<Mode after="always" />
		</ExtraCommands>
		<Unit filename="../../../addons/ofAddons.h" />
		<Unit filename="../../../addons/ofxThread/src/ofxThread.cpp" />
		<Unit filename="../../../addons/ofxThread/src/ofxThread.h" />
		<Unit filename="src/main.cpp" />
		<Unit filename="src/ofxSane.cpp" />
		<Unit filename="src/ofxSane.h" />
		<Unit filename="src/testApp.cpp" />
		<Unit filename="src/testApp.h" />
		<Unit filename="../../../libs/openFrameworks/app/ofAppBaseWindow.h" />
		<Unit filename="../../../libs/openFrameworks/app/ofAppGlutWindow.cpp" />
		<Unit filename="../../../libs/openFrameworks/app/ofAppGlutWindow.h" />
		<Unit filename="../../../libs/openFrameworks/app/ofAppRunner.cpp" />
		<Unit filename="../../../libs/openFrameworks/app/ofAppRunner.h" />
		<Unit filename="../../../libs/openFrameworks/app/ofBaseApp.h" />
		<Unit filename="../../../libs/openFrameworks/communication/ofArduino.cpp" />
		<Unit filename="../../../libs/openFrameworks/communication/ofArduino.h" />
		<Unit filename="../../../libs/openFrameworks/communication/ofSerial.cpp" />
		<Unit filename="../../../libs/openFrameworks/communication/ofSerial.h" />
		<Unit filename="../../../libs/openFrameworks/communication/ofStandardFirmata.cpp" />
		<Unit filename="../../../libs/openFrameworks/communication/ofStandardFirmata.h" />
		<Unit filename="../../../libs/openFrameworks/events/ofEventUtils.h" />
		<Unit filename="../../../libs/openFrameworks/events/ofEvents.h" />
		<Unit filename="../../../libs/openFrameworks/graphics/ofBitmapFont.cpp" />
		<Unit filename="../../../libs/openFrameworks/graphics/ofBitmapFont.h" />
		<Unit filename="../../../libs/openFrameworks/graphics/ofGraphics.cpp" />
		<Unit filename="../../../libs/openFrameworks/graphics/ofGraphics.h" />
		<Unit filename="../../../libs/openFrameworks/graphics/ofImage.cpp" />
		<Unit filename="../../../libs/openFrameworks/graphics/ofImage.h" />
		<Unit filename="../../../libs/openFrameworks/graphics/ofTexture.cpp" />
		<Unit filename="../../../libs/openFrameworks/graphics/ofTexture.h" />
		<Unit filename="../../../libs/openFrameworks/graphics/ofTrueTypeFont.cpp" />
		<Unit filename="../../../libs/openFrameworks/graphics/ofTrueTypeFont.h" />
		<Unit filename="../../../libs/openFrameworks/ofMain.h" />
		<Unit filename="../../../libs/openFrameworks/sound/ofSoundPlayer.cpp" />
		<Unit filename="../../../libs/openFrameworks/sound/ofSoundPlayer.h" />
		<Unit filename="../../../libs/openFrameworks/sound/ofSoundStream.cpp" />
		<Unit filename="../../../libs/openFrameworks/sound/ofSoundStream.h" />
		<Unit filename="../../../libs/openFrameworks/utils/ofConstants.h" />
		<Unit filename="../../../libs/openFrameworks/utils/ofMath.cpp" />
		<Unit filename="../../../libs/openFrameworks/utils/ofMath.h" />
		<Unit filename="../../../libs/openFrameworks/utils/ofTypes.h" />
		<Unit filename="../../../libs/openFrameworks/utils/ofUtils.cpp" />
		<Unit filename="../../../libs/openFrameworks/utils/ofUtils.h" />
		<Unit filename="../../../libs/openFrameworks/video/ofUCUtils.cpp" />
		<Unit filename="../../../libs/openFrameworks/video/ofUCUtils.h" />
		<Unit filename="../../../libs/openFrameworks/video/ofVideoGrabber.cpp" />
		<Unit filename="../../../libs/openFrameworks/video/ofVideoGrabber.h" />
		<Unit filename="../../../libs/openFrameworks/video/ofVideoPlayer.cpp" />
		<Unit filename="../../../libs/openFrameworks/video/ofVideoPlayer.h" />
		<Extensions>
			<lib_finder>
				<lib name="gstreamer-0.10" />
				<lib name="gstreamer-video-0.10" />
				<lib name="gstreamer-base-0.10" />
				<lib name="libavcodec" />
				<lib name="libavformat" />
				<lib name="libavutil" />
				<lib name="libswscale" />
			</lib_finder>
			<code_completion />
			<envvars />
			<debugger />
		</Extensions>
	</Project>
</CodeBlocks_project_file>
